// !$*UTF8*$!
{
	archiveVersion = 1;
	classes = {
	};
	objectVersion = 46;
	objects = {

/* Begin PBXBuildFile section */
		FAD37B6A1D7F48E200C55D64 /* AppDelegate.swift in Sources */ = {isa = PBXBuildFile; fileRef = FAD37B691D7F48E200C55D64 /* AppDelegate.swift */; };
		FAD37B6F1D7F48E200C55D64 /* Main.storyboard in Resources */ = {isa = PBXBuildFile; fileRef = FAD37B6D1D7F48E200C55D64 /* Main.storyboard */; };
		FAD37B711D7F48E200C55D64 /* Assets.xcassets in Resources */ = {isa = PBXBuildFile; fileRef = FAD37B701D7F48E200C55D64 /* Assets.xcassets */; };
		FAD37B741D7F48E200C55D64 /* LaunchScreen.storyboard in Resources */ = {isa = PBXBuildFile; fileRef = FAD37B721D7F48E200C55D64 /* LaunchScreen.storyboard */; };
		FAD37B7C1D7F49FA00C55D64 /* TableViewController.swift in Sources */ = {isa = PBXBuildFile; fileRef = FAD37B7B1D7F49FA00C55D64 /* TableViewController.swift */; };
		FAD37B881D7F4F6A00C55D64 /* Swifter.framework in Frameworks */ = {isa = PBXBuildFile; fileRef = FAD37B871D7F4F6A00C55D64 /* Swifter.framework */; };
		FAD37B8B1D7F564F00C55D64 /* Servus.framework in Frameworks */ = {isa = PBXBuildFile; fileRef = FAD37B8A1D7F564F00C55D64 /* Servus.framework */; };
/* End PBXBuildFile section */

/* Begin PBXFileReference section */
		FAD37B661D7F48E200C55D64 /* CloseYo.app */ = {isa = PBXFileReference; explicitFileType = wrapper.application; includeInIndex = 0; path = CloseYo.app; sourceTree = BUILT_PRODUCTS_DIR; };
		FAD37B691D7F48E200C55D64 /* AppDelegate.swift */ = {isa = PBXFileReference; lastKnownFileType = sourcecode.swift; path = AppDelegate.swift; sourceTree = "<group>"; };
		FAD37B6E1D7F48E200C55D64 /* Base */ = {isa = PBXFileReference; lastKnownFileType = file.storyboard; name = Base; path = Base.lproj/Main.storyboard; sourceTree = "<group>"; };
		FAD37B701D7F48E200C55D64 /* Assets.xcassets */ = {isa = PBXFileReference; lastKnownFileType = folder.assetcatalog; path = Assets.xcassets; sourceTree = "<group>"; };
		FAD37B731D7F48E200C55D64 /* Base */ = {isa = PBXFileReference; lastKnownFileType = file.storyboard; name = Base; path = Base.lproj/LaunchScreen.storyboard; sourceTree = "<group>"; };
		FAD37B751D7F48E200C55D64 /* Info.plist */ = {isa = PBXFileReference; lastKnownFileType = text.plist.xml; path = Info.plist; sourceTree = "<group>"; };
		FAD37B7B1D7F49FA00C55D64 /* TableViewController.swift */ = {isa = PBXFileReference; fileEncoding = 4; lastKnownFileType = sourcecode.swift; path = TableViewController.swift; sourceTree = "<group>"; };
		FAD37B871D7F4F6A00C55D64 /* Swifter.framework */ = {isa = PBXFileReference; lastKnownFileType = wrapper.framework; name = Swifter.framework; path = Carthage/Build/iOS/Swifter.framework; sourceTree = "<group>"; };
		FAD37B8A1D7F564F00C55D64 /* Servus.framework */ = {isa = PBXFileReference; lastKnownFileType = wrapper.framework; name = Servus.framework; path = Carthage/Build/iOS/Servus.framework; sourceTree = "<group>"; };
/* End PBXFileReference section */

/* Begin PBXFrameworksBuildPhase section */
		FAD37B631D7F48E200C55D64 /* Frameworks */ = {
			isa = PBXFrameworksBuildPhase;
			buildActionMask = 2147483647;
			files = (
				FAD37B8B1D7F564F00C55D64 /* Servus.framework in Frameworks */,
				FAD37B881D7F4F6A00C55D64 /* Swifter.framework in Frameworks */,
			);
			runOnlyForDeploymentPostprocessing = 0;
		};
/* End PBXFrameworksBuildPhase section */

/* Begin PBXGroup section */
		FAD37B5D1D7F48E200C55D64 = {
			isa = PBXGroup;
			children = (
				FAD37B681D7F48E200C55D64 /* CloseYo */,
				FAD37B7D1D7F4E5A00C55D64 /* Deps */,
				FAD37B671D7F48E200C55D64 /* Products */,
			);
			sourceTree = "<group>";
		};
		FAD37B671D7F48E200C55D64 /* Products */ = {
			isa = PBXGroup;
			children = (
				FAD37B661D7F48E200C55D64 /* CloseYo.app */,
			);
			name = Products;
			sourceTree = "<group>";
		};
		FAD37B681D7F48E200C55D64 /* CloseYo */ = {
			isa = PBXGroup;
			children = (
				FAD37B691D7F48E200C55D64 /* AppDelegate.swift */,
				FAD37B7B1D7F49FA00C55D64 /* TableViewController.swift */,
				FAD37B6D1D7F48E200C55D64 /* Main.storyboard */,
				FAD37B701D7F48E200C55D64 /* Assets.xcassets */,
				FAD37B721D7F48E200C55D64 /* LaunchScreen.storyboard */,
				FAD37B751D7F48E200C55D64 /* Info.plist */,
			);
			path = CloseYo;
			sourceTree = "<group>";
		};
		FAD37B7D1D7F4E5A00C55D64 /* Deps */ = {
			isa = PBXGroup;
			children = (
				FAD37B871D7F4F6A00C55D64 /* Swifter.framework */,
				FAD37B8A1D7F564F00C55D64 /* Servus.framework */,
			);
			name = Deps;
			sourceTree = "<group>";
		};
/* End PBXGroup section */

/* Begin PBXNativeTarget section */
		FAD37B651D7F48E200C55D64 /* CloseYo */ = {
			isa = PBXNativeTarget;
			buildConfigurationList = FAD37B781D7F48E200C55D64 /* Build configuration list for PBXNativeTarget "CloseYo" */;
			buildPhases = (
				FAD37B621D7F48E200C55D64 /* Sources */,
				FAD37B631D7F48E200C55D64 /* Frameworks */,
				FAD37B641D7F48E200C55D64 /* Resources */,
				FAD37B891D7F4F7F00C55D64 /* ShellScript */,
			);
			buildRules = (
			);
			dependencies = (
			);
			name = CloseYo;
			productName = CloseYo;
			productReference = FAD37B661D7F48E200C55D64 /* CloseYo.app */;
			productType = "com.apple.product-type.application";
		};
/* End PBXNativeTarget section */

/* Begin PBXProject section */
		FAD37B5E1D7F48E200C55D64 /* Project object */ = {
			isa = PBXProject;
			attributes = {
				LastSwiftUpdateCheck = 0730;
				LastUpgradeCheck = 0730;
				TargetAttributes = {
					FAD37B651D7F48E200C55D64 = {
						CreatedOnToolsVersion = 7.3.1;
					};
				};
			};
			buildConfigurationList = FAD37B611D7F48E200C55D64 /* Build configuration list for PBXProject "CloseYo" */;
			compatibilityVersion = "Xcode 3.2";
			developmentRegion = English;
			hasScannedForEncodings = 0;
			knownRegions = (
				en,
				Base,
			);
			mainGroup = FAD37B5D1D7F48E200C55D64;
			productRefGroup = FAD37B671D7F48E200C55D64 /* Products */;
			projectDirPath = "";
			projectRoot = "";
			targets = (
				FAD37B651D7F48E200C55D64 /* CloseYo */,
			);
		};
/* End PBXProject section */

/* Begin PBXResourcesBuildPhase section */
		FAD37B641D7F48E200C55D64 /* Resources */ = {
			isa = PBXResourcesBuildPhase;
			buildActionMask = 2147483647;
			files = (
				FAD37B741D7F48E200C55D64 /* LaunchScreen.storyboard in Resources */,
				FAD37B711D7F48E200C55D64 /* Assets.xcassets in Resources */,
				FAD37B6F1D7F48E200C55D64 /* Main.storyboard in Resources */,
			);
			runOnlyForDeploymentPostprocessing = 0;
		};
/* End PBXResourcesBuildPhase section */

/* Begin PBXShellScriptBuildPhase section */
		FAD37B891D7F4F7F00C55D64 /* ShellScript */ = {
			isa = PBXShellScriptBuildPhase;
			buildActionMask = 2147483647;
			files = (
			);
			inputPaths = (
				"$(SRCROOT)/Carthage/Build/iOS/Swifter.framework",
				"$(SRCROOT)/Carthage/Build/iOS/Servus.framework",
			);
			outputPaths = (
			);
			runOnlyForDeploymentPostprocessing = 0;
			shellPath = /bin/sh;
			shellScript = "/usr/local/bin/carthage copy-frameworks";
		};
/* End PBXShellScriptBuildPhase section */

/* Begin PBXSourcesBuildPhase section */
		FAD37B621D7F48E200C55D64 /* Sources */ = {
			isa = PBXSourcesBuildPhase;
			buildActionMask = 2147483647;
			files = (
				FAD37B6A1D7F48E200C55D64 /* AppDelegate.swift in Sources */,
				FAD37B7C1D7F49FA00C55D64 /* TableViewController.swift in Sources */,
			);
			runOnlyForDeploymentPostprocessing = 0;
		};
/* End PBXSourcesBuildPhase section */

/* Begin PBXVariantGroup section */
		FAD37B6D1D7F48E200C55D64 /* Main.storyboard */ = {
			isa = PBXVariantGroup;
			children = (
				FAD37B6E1D7F48E200C55D64 /* Base */,
			);
			name = Main.storyboard;
			sourceTree = "<group>";
		};
		FAD37B721D7F48E200C55D64 /* LaunchScreen.storyboard */ = {
			isa = PBXVariantGroup;
			children = (
				FAD37B731D7F48E200C55D64 /* Base */,
			);
			name = LaunchScreen.storyboard;
			sourceTree = "<group>";
		};
/* End PBXVariantGroup section */

/* Begin XCBuildConfiguration section */
		FAD37B761D7F48E200C55D64 /* Debug */ = {
			isa = XCBuildConfiguration;
			buildSettings = {
				ALWAYS_SEARCH_USER_PATHS = NO;
				CLANG_ANALYZER_NONNULL = YES;
				CLANG_CXX_LANGUAGE_STANDARD = "gnu++0x";
				CLANG_CXX_LIBRARY = "libc++";
				CLANG_ENABLE_MODULES = YES;
				CLANG_ENABLE_OBJC_ARC = YES;
				CLANG_WARN_BOOL_CONVERSION = YES;
				CLANG_WARN_CONSTANT_CONVERSION = YES;
				CLANG_WARN_DIRECT_OBJC_ISA_USAGE = YES_ERROR;
				CLANG_WARN_EMPTY_BODY = YES;
				CLANG_WARN_ENUM_CONVERSION = YES;
				CLANG_WARN_INT_CONVERSION = YES;
				CLANG_WARN_OBJC_ROOT_CLASS = YES_ERROR;
				CLANG_WARN_UNREACHABLE_CODE = YES;
				CLANG_WARN__DUPLICATE_METHOD_MATCH = YES;
				"CODE_SIGN_IDENTITY[sdk=iphoneos*]" = "iPhone Developer";
				COPY_PHASE_STRIP = NO;
				DEBUG_INFORMATION_FORMAT = dwarf;
				ENABLE_STRICT_OBJC_MSGSEND = YES;
				ENABLE_TESTABILITY = YES;
				GCC_C_LANGUAGE_STANDARD = gnu99;
				GCC_DYNAMIC_NO_PIC = NO;
				GCC_NO_COMMON_BLOCKS = YES;
				GCC_OPTIMIZATION_LEVEL = 0;
				GCC_PREPROCESSOR_DEFINITIONS = (
					"DEBUG=1",
					"$(inherited)",
				);
				GCC_WARN_64_TO_32_BIT_CONVERSION = YES;
				GCC_WARN_ABOUT_RETURN_TYPE = YES_ERROR;
				GCC_WARN_UNDECLARED_SELECTOR = YES;
				GCC_WARN_UNINITIALIZED_AUTOS = YES_AGGRESSIVE;
				GCC_WARN_UNUSED_FUNCTION = YES;
				GCC_WARN_UNUSED_VARIABLE = YES;
				IPHONEOS_DEPLOYMENT_TARGET = 9.3;
				MTL_ENABLE_DEBUG_INFO = YES;
				ONLY_ACTIVE_ARCH = YES;
				SDKROOT = iphoneos;
				SWIFT_OPTIMIZATION_LEVEL = "-Onone";
				TARGETED_DEVICE_FAMILY = "1,2";
			};
			name = Debug;
		};
		FAD37B771D7F48E200C55D64 /* Release */ = {
			isa = XCBuildConfiguration;
			buildSettings = {
				ALWAYS_SEARCH_USER_PATHS = NO;
				CLANG_ANALYZER_NONNULL = YES;
				CLANG_CXX_LANGUAGE_STANDARD = "gnu++0x";
				CLANG_CXX_LIBRARY = "libc++";
				CLANG_ENABLE_MODULES = YES;
				CLANG_ENABLE_OBJC_ARC = YES;
				CLANG_WARN_BOOL_CONVERSION = YES;
				CLANG_WARN_CONSTANT_CONVERSION = YES;
				CLANG_WARN_DIRECT_OBJC_ISA_USAGE = YES_ERROR;
				CLANG_WARN_EMPTY_BODY = YES;
				CLANG_WARN_ENUM_CONVERSION = YES;
				CLANG_WARN_INT_CONVERSION = YES;
				CLANG_WARN_OBJC_ROOT_CLASS = YES_ERROR;
				CLANG_WARN_UNREACHABLE_CODE = YES;
				CLANG_WARN__DUPLICATE_METHOD_MATCH = YES;
				"CODE_SIGN_IDENTITY[sdk=iphoneos*]" = "iPhone Developer";
				COPY_PHASE_STRIP = NO;
				DEBUG_INFORMATION_FORMAT = "dwarf-with-dsym";
				ENABLE_NS_ASSERTIONS = NO;
				ENABLE_STRICT_OBJC_MSGSEND = YES;
				GCC_C_LANGUAGE_STANDARD = gnu99;
				GCC_NO_COMMON_BLOCKS = YES;
				GCC_WARN_64_TO_32_BIT_CONVERSION = YES;
				GCC_WARN_ABOUT_RETURN_TYPE = YES_ERROR;
				GCC_WARN_UNDECLARED_SELECTOR = YES;
				GCC_WARN_UNINITIALIZED_AUTOS = YES_AGGRESSIVE;
				GCC_WARN_UNUSED_FUNCTION = YES;
				GCC_WARN_UNUSED_VARIABLE = YES;
				IPHONEOS_DEPLOYMENT_TARGET = 9.3;
				MTL_ENABLE_DEBUG_INFO = NO;
				SDKROOT = iphoneos;
				TARGETED_DEVICE_FAMILY = "1,2";
				VALIDATE_PRODUCT = YES;
			};
			name = Release;
		};
		FAD37B791D7F48E200C55D64 /* Debug */ = {
			isa = XCBuildConfiguration;
			buildSettings = {
				ASSETCATALOG_COMPILER_APPICON_NAME = AppIcon;
				FRAMEWORK_SEARCH_PATHS = (
					"$(inherited)",
					"$(PROJECT_DIR)/Carthage/Build/iOS",
				);
				INFOPLIST_FILE = CloseYo/Info.plist;
				LD_RUNPATH_SEARCH_PATHS = "$(inherited) @executable_path/Frameworks";
				PRODUCT_BUNDLE_IDENTIFIER = com.estimote.CloseYo;
				PRODUCT_NAME = "$(TARGET_NAME)";
			};
			name = Debug;
		};
		FAD37B7A1D7F48E200C55D64 /* Release */ = {
			isa = XCBuildConfiguration;
			buildSettings = {
				ASSETCATALOG_COMPILER_APPICON_NAME = AppIcon;
				FRAMEWORK_SEARCH_PATHS = (
					"$(inherited)",
					"$(PROJECT_DIR)/Carthage/Build/iOS",
				);
				INFOPLIST_FILE = CloseYo/Info.plist;
				LD_RUNPATH_SEARCH_PATHS = "$(inherited) @executable_path/Frameworks";
				PRODUCT_BUNDLE_IDENTIFIER = com.estimote.CloseYo;
				PRODUCT_NAME = "$(TARGET_NAME)";
			};
			name = Release;
		};
/* End XCBuildConfiguration section */

/* Begin XCConfigurationList section */
		FAD37B611D7F48E200C55D64 /* Build configuration list for PBXProject "CloseYo" */ = {
			isa = XCConfigurationList;
			buildConfigurations = (
				FAD37B761D7F48E200C55D64 /* Debug */,
				FAD37B771D7F48E200C55D64 /* Release */,
			);
			defaultConfigurationIsVisible = 0;
			defaultConfigurationName = Release;
		};
		FAD37B781D7F48E200C55D64 /* Build configuration list for PBXNativeTarget "CloseYo" */ = {
			isa = XCConfigurationList;
			buildConfigurations = (
				FAD37B791D7F48E200C55D64 /* Debug */,
				FAD37B7A1D7F48E200C55D64 /* Release */,
			);
			defaultConfigurationIsVisible = 0;
		};
/* End XCConfigurationList section */
	};
	rootObject = FAD37B5E1D7F48E200C55D64 /* Project object */;
}
